dependencies:
- name: azurite
  repository: ""
  version: ~0.1.0
- name: bapi
  repository: ""
  version: ~0.1.0
- name: bapi-db
  repository: ""
  version: ~0.1.0
- name: dapi
  repository: ""
  version: ~0.1.0
- name: isapi
  repository: ""
  version: ~0.1.0
- name: isapi-db
  repository: ""
  version: ~0.1.0
- name: oapi
  repository: ""
  version: ~0.1.0
- name: ordapi
  repository: https://gpitfuturesdevacr.azurecr.io/helm/v1/repo
  version: 0.1.0-6563-semver-spike.1
- name: ordapi-db
  repository: ""
  version: ~0.1.0
- name: email
  repository: ""
  version: ~0.1.0
- name: file-loader
  repository: ""
  version: ~0.1.0
- name: mp
  repository: ""
  version: ~0.1.0
- name: pb
  repository: ""
  version: ~0.1.0
- name: admin
  repository: ""
  version: ~0.1.0
- name: of
  repository: ""
  version: ~0.1.0
- name: redis
  repository: https://charts.bitnami.com/bitnami
  version: 10.6.13
- name: redis-commander
  repository: ""
  version: ~0.1.0
digest: sha256:08142059b3ead4b2541c5a8ab6f24560a9647d402df5df8ead10a80b5546a787
generated: "2020-05-06T10:46:09.9059889+01:00"
